{
    "_meta": {
        "hash": {
            "sha256": "2dc33aef519be742699b2c1a29f8304b27851d89f281f51fb0cf6962ef8eeab6"
        },
        "pipfile-spec": 6,
        "requires": {
            "python_version": "3.7"
        },
        "sources": [
            {
                "name": "pypi",
                "url": "https://pypi.org/simple",
                "verify_ssl": true
            }
        ]
    },
    "default": {
        "azure-functions": {
            "hashes": [
                "sha256:517452cce8c489c2787d02d5440997f7e6e0bb56be5afac27d391c3f26180938",
                "sha256:aaa6fc16382f14a41250571b4caf92ea7e649a2aa389cfbf86d23e3a17e1d96b"
            ],
            "index": "pypi",
            "version": "==1.2.1"
        }
    },
    "develop": {}
}
